// !$*UTF8*$!
{
	archiveVersion = 1;
	classes = {
	};
	objectVersion = 60;
	objects = {

/* Begin PBXBuildFile section */
		840CD6692AC0E39D00C6AAD0 /* AppSettingsView.swift in Sources */ = {isa = PBXBuildFile; fileRef = 840CD6682AC0E39D00C6AAD0 /* AppSettingsView.swift */; };
		840CD66B2AC0E39D00C6AAD0 /* AppSettingsViewModel.swift in Sources */ = {isa = PBXBuildFile; fileRef = 840CD66A2AC0E39D00C6AAD0 /* AppSettingsViewModel.swift */; };
		840CD66D2AC0E39D00C6AAD0 /* AppSettingsPageView.swift in Sources */ = {isa = PBXBuildFile; fileRef = 840CD66C2AC0E39D00C6AAD0 /* AppSettingsPageView.swift */; };
		840CD66F2AC0E39D00C6AAD0 /* AppSettingsPageViewModel.swift in Sources */ = {isa = PBXBuildFile; fileRef = 840CD66E2AC0E39D00C6AAD0 /* AppSettingsPageViewModel.swift */; };
		840CD6722AC0E39D00C6AAD0 /* OnboardingView.swift in Sources */ = {isa = PBXBuildFile; fileRef = 840CD6712AC0E39D00C6AAD0 /* OnboardingView.swift */; };
		840CD6752AC0E39D00C6AAD0 /* MainView.swift in Sources */ = {isa = PBXBuildFile; fileRef = 840CD6742AC0E39D00C6AAD0 /* MainView.swift */; };
		840CD6772AC0E39D00C6AAD0 /* MainViewModel.swift in Sources */ = {isa = PBXBuildFile; fileRef = 840CD6762AC0E39D00C6AAD0 /* MainViewModel.swift */; };
		840CD67A2AC0E39D00C6AAD0 /* Alerts.swift in Sources */ = {isa = PBXBuildFile; fileRef = 840CD6792AC0E39D00C6AAD0 /* Alerts.swift */; };
		840CD67C2AC0E39D00C6AAD0 /* Screens.swift in Sources */ = {isa = PBXBuildFile; fileRef = 840CD67B2AC0E39D00C6AAD0 /* Screens.swift */; };
		840CD67F2AC0E39D00C6AAD0 /* AppConfig.plist in Resources */ = {isa = PBXBuildFile; fileRef = 840CD67E2AC0E39D00C6AAD0 /* AppConfig.plist */; };
		840CD6812AC0E39D00C6AAD0 /* Router.swift in Sources */ = {isa = PBXBuildFile; fileRef = 840CD6802AC0E39D00C6AAD0 /* Router.swift */; };
		840CD6832AC0E39D00C6AAD0 /* Tabs.swift in Sources */ = {isa = PBXBuildFile; fileRef = 840CD6822AC0E39D00C6AAD0 /* Tabs.swift */; };
		840CD68E2AC0E39D00C6AAD0 /* ExampleApp.swift in Sources */ = {isa = PBXBuildFile; fileRef = 840CD68D2AC0E39D00C6AAD0 /* ExampleApp.swift */; };
		840CD6902AC0E3A600C6AAD0 /* Assets.xcassets in Resources */ = {isa = PBXBuildFile; fileRef = 840CD68F2AC0E3A600C6AAD0 /* Assets.xcassets */; };
		840CD6932AC0E3A600C6AAD0 /* Preview Assets.xcassets in Resources */ = {isa = PBXBuildFile; fileRef = 840CD6922AC0E3A600C6AAD0 /* Preview Assets.xcassets */; };
		840CD69E2AC0E43000C6AAD0 /* OversizeCalendarKit in Frameworks */ = {isa = PBXBuildFile; productRef = 840CD69D2AC0E43000C6AAD0 /* OversizeCalendarKit */; };
		840CD6A02AC0E43000C6AAD0 /* OversizeContactsKit in Frameworks */ = {isa = PBXBuildFile; productRef = 840CD69F2AC0E43000C6AAD0 /* OversizeContactsKit */; };
		840CD6A22AC0E43000C6AAD0 /* OversizeKit in Frameworks */ = {isa = PBXBuildFile; productRef = 840CD6A12AC0E43000C6AAD0 /* OversizeKit */; };
		840CD6A42AC0E43000C6AAD0 /* OversizeLocationKit in Frameworks */ = {isa = PBXBuildFile; productRef = 840CD6A32AC0E43000C6AAD0 /* OversizeLocationKit */; };
		840CD6A62AC0E43000C6AAD0 /* OversizeNoticeKit in Frameworks */ = {isa = PBXBuildFile; productRef = 840CD6A52AC0E43000C6AAD0 /* OversizeNoticeKit */; };
		840CD6A82AC0E43000C6AAD0 /* OversizeNotificationKit in Frameworks */ = {isa = PBXBuildFile; productRef = 840CD6A72AC0E43000C6AAD0 /* OversizeNotificationKit */; };
		840CD6AA2AC0E43000C6AAD0 /* OversizeOnboardingKit in Frameworks */ = {isa = PBXBuildFile; productRef = 840CD6A92AC0E43000C6AAD0 /* OversizeOnboardingKit */; };
		840CD6AC2AC0E43000C6AAD0 /* OversizePhotoKit in Frameworks */ = {isa = PBXBuildFile; productRef = 840CD6AB2AC0E43000C6AAD0 /* OversizePhotoKit */; };
		840CD6AF2AC0E44E00C6AAD0 /* Factory in Frameworks */ = {isa = PBXBuildFile; productRef = 840CD6AE2AC0E44E00C6AAD0 /* Factory */; };
		840CD6B12AC0E6E200C6AAD0 /* Products.storekit in Resources */ = {isa = PBXBuildFile; fileRef = 840CD6B02AC0E6E200C6AAD0 /* Products.storekit */; };
		845A59332BA4FD2B00988D52 /* OversizeModels in Frameworks */ = {isa = PBXBuildFile; productRef = 845A59322BA4FD2B00988D52 /* OversizeModels */; };
/* End PBXBuildFile section */

/* Begin PBXFileReference section */
		840CD6632AC0E39D00C6AAD0 /* Example.app */ = {isa = PBXFileReference; explicitFileType = wrapper.application; includeInIndex = 0; path = Example.app; sourceTree = BUILT_PRODUCTS_DIR; };
		840CD6682AC0E39D00C6AAD0 /* AppSettingsView.swift */ = {isa = PBXFileReference; lastKnownFileType = sourcecode.swift; path = AppSettingsView.swift; sourceTree = "<group>"; };
		840CD66A2AC0E39D00C6AAD0 /* AppSettingsViewModel.swift */ = {isa = PBXFileReference; lastKnownFileType = sourcecode.swift; path = AppSettingsViewModel.swift; sourceTree = "<group>"; };
		840CD66C2AC0E39D00C6AAD0 /* AppSettingsPageView.swift */ = {isa = PBXFileReference; lastKnownFileType = sourcecode.swift; path = AppSettingsPageView.swift; sourceTree = "<group>"; };
		840CD66E2AC0E39D00C6AAD0 /* AppSettingsPageViewModel.swift */ = {isa = PBXFileReference; lastKnownFileType = sourcecode.swift; path = AppSettingsPageViewModel.swift; sourceTree = "<group>"; };
		840CD6712AC0E39D00C6AAD0 /* OnboardingView.swift */ = {isa = PBXFileReference; lastKnownFileType = sourcecode.swift; path = OnboardingView.swift; sourceTree = "<group>"; };
		840CD6742AC0E39D00C6AAD0 /* MainView.swift */ = {isa = PBXFileReference; lastKnownFileType = sourcecode.swift; path = MainView.swift; sourceTree = "<group>"; };
		840CD6762AC0E39D00C6AAD0 /* MainViewModel.swift */ = {isa = PBXFileReference; lastKnownFileType = sourcecode.swift; path = MainViewModel.swift; sourceTree = "<group>"; };
		840CD6792AC0E39D00C6AAD0 /* Alerts.swift */ = {isa = PBXFileReference; lastKnownFileType = sourcecode.swift; path = Alerts.swift; sourceTree = "<group>"; };
		840CD67B2AC0E39D00C6AAD0 /* Screens.swift */ = {isa = PBXFileReference; lastKnownFileType = sourcecode.swift; path = Screens.swift; sourceTree = "<group>"; };
		840CD67E2AC0E39D00C6AAD0 /* AppConfig.plist */ = {isa = PBXFileReference; lastKnownFileType = text.plist.xml; path = AppConfig.plist; sourceTree = "<group>"; };
		840CD6802AC0E39D00C6AAD0 /* Router.swift */ = {isa = PBXFileReference; lastKnownFileType = sourcecode.swift; path = Router.swift; sourceTree = "<group>"; };
		840CD6822AC0E39D00C6AAD0 /* Tabs.swift */ = {isa = PBXFileReference; lastKnownFileType = sourcecode.swift; path = Tabs.swift; sourceTree = "<group>"; };
		840CD6852AC0E39D00C6AAD0 /* .gitignore */ = {isa = PBXFileReference; lastKnownFileType = text; name = .gitignore; path = ../../../.gitignore; sourceTree = "<group>"; };
		840CD6872AC0E39D00C6AAD0 /* .swiftformat */ = {isa = PBXFileReference; lastKnownFileType = text; name = .swiftformat; path = ../../../.swiftformat; sourceTree = "<group>"; };
		840CD6892AC0E39D00C6AAD0 /* .swiftlint.yml */ = {isa = PBXFileReference; lastKnownFileType = text.yaml; name = .swiftlint.yml; path = ../../../.swiftlint.yml; sourceTree = "<group>"; };
		840CD68B2AC0E39D00C6AAD0 /* swiftgen.yml */ = {isa = PBXFileReference; lastKnownFileType = text.yaml; path = swiftgen.yml; sourceTree = "<group>"; };
		840CD68D2AC0E39D00C6AAD0 /* ExampleApp.swift */ = {isa = PBXFileReference; lastKnownFileType = sourcecode.swift; path = ExampleApp.swift; sourceTree = "<group>"; };
		840CD68F2AC0E3A600C6AAD0 /* Assets.xcassets */ = {isa = PBXFileReference; lastKnownFileType = folder.assetcatalog; name = Assets.xcassets; path = ../Assets.xcassets; sourceTree = "<group>"; };
		840CD6922AC0E3A600C6AAD0 /* Preview Assets.xcassets */ = {isa = PBXFileReference; lastKnownFileType = folder.assetcatalog; path = "Preview Assets.xcassets"; sourceTree = "<group>"; };
		840CD6942AC0E3A600C6AAD0 /* Info.plist */ = {isa = PBXFileReference; lastKnownFileType = text.plist.xml; path = Info.plist; sourceTree = "<group>"; };
		840CD6B02AC0E6E200C6AAD0 /* Products.storekit */ = {isa = PBXFileReference; lastKnownFileType = text; path = Products.storekit; sourceTree = "<group>"; };
/* End PBXFileReference section */

/* Begin PBXFrameworksBuildPhase section */
		840CD65E2AC0E39D00C6AAD0 /* Frameworks */ = {
			isa = PBXFrameworksBuildPhase;
			buildActionMask = 2147483647;
			files = (
				840CD6AC2AC0E43000C6AAD0 /* OversizePhotoKit in Frameworks */,
				840CD6AF2AC0E44E00C6AAD0 /* Factory in Frameworks */,
				840CD69E2AC0E43000C6AAD0 /* OversizeCalendarKit in Frameworks */,
				840CD6A82AC0E43000C6AAD0 /* OversizeNotificationKit in Frameworks */,
				840CD6A22AC0E43000C6AAD0 /* OversizeKit in Frameworks */,
				840CD6A42AC0E43000C6AAD0 /* OversizeLocationKit in Frameworks */,
				840CD6A62AC0E43000C6AAD0 /* OversizeNoticeKit in Frameworks */,
				845A59332BA4FD2B00988D52 /* OversizeModels in Frameworks */,
				840CD6A02AC0E43000C6AAD0 /* OversizeContactsKit in Frameworks */,
				840CD6AA2AC0E43000C6AAD0 /* OversizeOnboardingKit in Frameworks */,
			);
			runOnlyForDeploymentPostprocessing = 0;
		};
/* End PBXFrameworksBuildPhase section */

/* Begin PBXGroup section */
		840CD6582AC0E39D00C6AAD0 = {
			isa = PBXGroup;
			children = (
				840CD6652AC0E39D00C6AAD0 /* Example */,
				840CD6642AC0E39D00C6AAD0 /* Products */,
			);
			sourceTree = "<group>";
		};
		840CD6642AC0E39D00C6AAD0 /* Products */ = {
			isa = PBXGroup;
			children = (
				840CD6632AC0E39D00C6AAD0 /* Example.app */,
			);
			name = Products;
			sourceTree = "<group>";
		};
		840CD6652AC0E39D00C6AAD0 /* Example */ = {
			isa = PBXGroup;
			children = (
				840CD68D2AC0E39D00C6AAD0 /* ExampleApp.swift */,
				840CD6662AC0E39D00C6AAD0 /* Screens */,
				840CD6782AC0E39D00C6AAD0 /* Router */,
				840CD67D2AC0E39D00C6AAD0 /* Resources */,
				840CD6912AC0E3A600C6AAD0 /* Preview Content */,
			);
			path = Example;
			sourceTree = "<group>";
		};
		840CD6662AC0E39D00C6AAD0 /* Screens */ = {
			isa = PBXGroup;
			children = (
				840CD6672AC0E39D00C6AAD0 /* AppSettings */,
				840CD6702AC0E39D00C6AAD0 /* Onboarding */,
				840CD6732AC0E39D00C6AAD0 /* Main */,
			);
			path = Screens;
			sourceTree = "<group>";
		};
		840CD6672AC0E39D00C6AAD0 /* AppSettings */ = {
			isa = PBXGroup;
			children = (
				840CD6682AC0E39D00C6AAD0 /* AppSettingsView.swift */,
				840CD66A2AC0E39D00C6AAD0 /* AppSettingsViewModel.swift */,
				840CD66C2AC0E39D00C6AAD0 /* AppSettingsPageView.swift */,
				840CD66E2AC0E39D00C6AAD0 /* AppSettingsPageViewModel.swift */,
			);
			path = AppSettings;
			sourceTree = "<group>";
		};
		840CD6702AC0E39D00C6AAD0 /* Onboarding */ = {
			isa = PBXGroup;
			children = (
				840CD6712AC0E39D00C6AAD0 /* OnboardingView.swift */,
			);
			path = Onboarding;
			sourceTree = "<group>";
		};
		840CD6732AC0E39D00C6AAD0 /* Main */ = {
			isa = PBXGroup;
			children = (
				840CD6742AC0E39D00C6AAD0 /* MainView.swift */,
				840CD6762AC0E39D00C6AAD0 /* MainViewModel.swift */,
			);
			path = Main;
			sourceTree = "<group>";
		};
		840CD6782AC0E39D00C6AAD0 /* Router */ = {
			isa = PBXGroup;
			children = (
				840CD6792AC0E39D00C6AAD0 /* Alerts.swift */,
				840CD67B2AC0E39D00C6AAD0 /* Screens.swift */,
				840CD6802AC0E39D00C6AAD0 /* Router.swift */,
				840CD6822AC0E39D00C6AAD0 /* Tabs.swift */,
			);
			path = Router;
			sourceTree = "<group>";
		};
		840CD67D2AC0E39D00C6AAD0 /* Resources */ = {
			isa = PBXGroup;
			children = (
				840CD6942AC0E3A600C6AAD0 /* Info.plist */,
				840CD67E2AC0E39D00C6AAD0 /* AppConfig.plist */,
				840CD6B02AC0E6E200C6AAD0 /* Products.storekit */,
				840CD68F2AC0E3A600C6AAD0 /* Assets.xcassets */,
				840CD6842AC0E39D00C6AAD0 /* Scripts */,
			);
			path = Resources;
			sourceTree = "<group>";
		};
		840CD6842AC0E39D00C6AAD0 /* Scripts */ = {
			isa = PBXGroup;
			children = (
				840CD6852AC0E39D00C6AAD0 /* .gitignore */,
				840CD6872AC0E39D00C6AAD0 /* .swiftformat */,
				840CD6892AC0E39D00C6AAD0 /* .swiftlint.yml */,
				840CD68B2AC0E39D00C6AAD0 /* swiftgen.yml */,
			);
			path = Scripts;
			sourceTree = "<group>";
		};
		840CD6912AC0E3A600C6AAD0 /* Preview Content */ = {
			isa = PBXGroup;
			children = (
				840CD6922AC0E3A600C6AAD0 /* Preview Assets.xcassets */,
			);
			path = "Preview Content";
			sourceTree = "<group>";
		};
/* End PBXGroup section */

/* Begin PBXNativeTarget section */
		840CD6622AC0E39D00C6AAD0 /* Example */ = {
			isa = PBXNativeTarget;
			buildConfigurationList = 840CD6972AC0E3A600C6AAD0 /* Build configuration list for PBXNativeTarget "Example" */;
			buildPhases = (
				840CD65D2AC0E39D00C6AAD0 /* Sources */,
				840CD65E2AC0E39D00C6AAD0 /* Frameworks */,
				840CD65F2AC0E39D00C6AAD0 /* Resources */,
			);
			buildRules = (
			);
			dependencies = (
			);
			name = Example;
			packageProductDependencies = (
				840CD69D2AC0E43000C6AAD0 /* OversizeCalendarKit */,
				840CD69F2AC0E43000C6AAD0 /* OversizeContactsKit */,
				840CD6A12AC0E43000C6AAD0 /* OversizeKit */,
				840CD6A32AC0E43000C6AAD0 /* OversizeLocationKit */,
				840CD6A52AC0E43000C6AAD0 /* OversizeNoticeKit */,
				840CD6A72AC0E43000C6AAD0 /* OversizeNotificationKit */,
				840CD6A92AC0E43000C6AAD0 /* OversizeOnboardingKit */,
				840CD6AB2AC0E43000C6AAD0 /* OversizePhotoKit */,
				840CD6AE2AC0E44E00C6AAD0 /* Factory */,
				845A59322BA4FD2B00988D52 /* OversizeModels */,
			);
			productName = Example;
			productReference = 840CD6632AC0E39D00C6AAD0 /* Example.app */;
			productType = "com.apple.product-type.application";
		};
/* End PBXNativeTarget section */

/* Begin PBXProject section */
		840CD6592AC0E39D00C6AAD0 /* Project object */ = {
			isa = PBXProject;
			attributes = {
				BuildIndependentTargetsInParallel = 1;
				LastSwiftUpdateCheck = 1500;
				LastUpgradeCheck = 1500;
				TargetAttributes = {
					840CD6622AC0E39D00C6AAD0 = {
						CreatedOnToolsVersion = 15.0;
					};
				};
			};
			buildConfigurationList = 840CD65C2AC0E39D00C6AAD0 /* Build configuration list for PBXProject "Example" */;
			compatibilityVersion = "Xcode 14.0";
			developmentRegion = en;
			hasScannedForEncodings = 0;
			knownRegions = (
				en,
				Base,
			);
			mainGroup = 840CD6582AC0E39D00C6AAD0;
			packageReferences = (
				840CD69A2AC0E43000C6AAD0 /* XCLocalSwiftPackageReference ".." */,
				840CD6AD2AC0E44E00C6AAD0 /* XCRemoteSwiftPackageReference "Factory" */,
				845A59312BA4FD2B00988D52 /* XCRemoteSwiftPackageReference "OversizeModels" */,
			);
			productRefGroup = 840CD6642AC0E39D00C6AAD0 /* Products */;
			projectDirPath = "";
			projectRoot = "";
			targets = (
				840CD6622AC0E39D00C6AAD0 /* Example */,
			);
		};
/* End PBXProject section */

/* Begin PBXResourcesBuildPhase section */
		840CD65F2AC0E39D00C6AAD0 /* Resources */ = {
			isa = PBXResourcesBuildPhase;
			buildActionMask = 2147483647;
			files = (
				840CD6B12AC0E6E200C6AAD0 /* Products.storekit in Resources */,
				840CD6932AC0E3A600C6AAD0 /* Preview Assets.xcassets in Resources */,
				840CD67F2AC0E39D00C6AAD0 /* AppConfig.plist in Resources */,
				840CD6902AC0E3A600C6AAD0 /* Assets.xcassets in Resources */,
			);
			runOnlyForDeploymentPostprocessing = 0;
		};
/* End PBXResourcesBuildPhase section */

/* Begin PBXSourcesBuildPhase section */
		840CD65D2AC0E39D00C6AAD0 /* Sources */ = {
			isa = PBXSourcesBuildPhase;
			buildActionMask = 2147483647;
			files = (
				840CD68E2AC0E39D00C6AAD0 /* ExampleApp.swift in Sources */,
				840CD6772AC0E39D00C6AAD0 /* MainViewModel.swift in Sources */,
				840CD66F2AC0E39D00C6AAD0 /* AppSettingsPageViewModel.swift in Sources */,
				840CD6812AC0E39D00C6AAD0 /* Router.swift in Sources */,
				840CD67A2AC0E39D00C6AAD0 /* Alerts.swift in Sources */,
				840CD6832AC0E39D00C6AAD0 /* Tabs.swift in Sources */,
				840CD6752AC0E39D00C6AAD0 /* MainView.swift in Sources */,
				840CD6692AC0E39D00C6AAD0 /* AppSettingsView.swift in Sources */,
				840CD66D2AC0E39D00C6AAD0 /* AppSettingsPageView.swift in Sources */,
				840CD67C2AC0E39D00C6AAD0 /* Screens.swift in Sources */,
				840CD6722AC0E39D00C6AAD0 /* OnboardingView.swift in Sources */,
				840CD66B2AC0E39D00C6AAD0 /* AppSettingsViewModel.swift in Sources */,
			);
			runOnlyForDeploymentPostprocessing = 0;
		};
/* End PBXSourcesBuildPhase section */

/* Begin XCBuildConfiguration section */
		840CD6952AC0E3A600C6AAD0 /* Debug */ = {
			isa = XCBuildConfiguration;
			buildSettings = {
				ALWAYS_SEARCH_USER_PATHS = NO;
				ASSETCATALOG_COMPILER_GENERATE_SWIFT_ASSET_SYMBOL_EXTENSIONS = YES;
				CLANG_ANALYZER_NONNULL = YES;
				CLANG_ANALYZER_NUMBER_OBJECT_CONVERSION = YES_AGGRESSIVE;
				CLANG_CXX_LANGUAGE_STANDARD = "gnu++20";
				CLANG_ENABLE_MODULES = YES;
				CLANG_ENABLE_OBJC_ARC = YES;
				CLANG_ENABLE_OBJC_WEAK = YES;
				CLANG_WARN_BLOCK_CAPTURE_AUTORELEASING = YES;
				CLANG_WARN_BOOL_CONVERSION = YES;
				CLANG_WARN_COMMA = YES;
				CLANG_WARN_CONSTANT_CONVERSION = YES;
				CLANG_WARN_DEPRECATED_OBJC_IMPLEMENTATIONS = YES;
				CLANG_WARN_DIRECT_OBJC_ISA_USAGE = YES_ERROR;
				CLANG_WARN_DOCUMENTATION_COMMENTS = YES;
				CLANG_WARN_EMPTY_BODY = YES;
				CLANG_WARN_ENUM_CONVERSION = YES;
				CLANG_WARN_INFINITE_RECURSION = YES;
				CLANG_WARN_INT_CONVERSION = YES;
				CLANG_WARN_NON_LITERAL_NULL_CONVERSION = YES;
				CLANG_WARN_OBJC_IMPLICIT_RETAIN_SELF = YES;
				CLANG_WARN_OBJC_LITERAL_CONVERSION = YES;
				CLANG_WARN_OBJC_ROOT_CLASS = YES_ERROR;
				CLANG_WARN_QUOTED_INCLUDE_IN_FRAMEWORK_HEADER = YES;
				CLANG_WARN_RANGE_LOOP_ANALYSIS = YES;
				CLANG_WARN_STRICT_PROTOTYPES = YES;
				CLANG_WARN_SUSPICIOUS_MOVE = YES;
				CLANG_WARN_UNGUARDED_AVAILABILITY = YES_AGGRESSIVE;
				CLANG_WARN_UNREACHABLE_CODE = YES;
				CLANG_WARN__DUPLICATE_METHOD_MATCH = YES;
				COPY_PHASE_STRIP = NO;
				DEBUG_INFORMATION_FORMAT = dwarf;
				ENABLE_STRICT_OBJC_MSGSEND = YES;
				ENABLE_TESTABILITY = YES;
				ENABLE_USER_SCRIPT_SANDBOXING = YES;
				GCC_C_LANGUAGE_STANDARD = gnu17;
				GCC_DYNAMIC_NO_PIC = NO;
				GCC_NO_COMMON_BLOCKS = YES;
				GCC_OPTIMIZATION_LEVEL = 0;
				GCC_PREPROCESSOR_DEFINITIONS = (
					"DEBUG=1",
					"$(inherited)",
				);
				GCC_WARN_64_TO_32_BIT_CONVERSION = YES;
				GCC_WARN_ABOUT_RETURN_TYPE = YES_ERROR;
				GCC_WARN_UNDECLARED_SELECTOR = YES;
				GCC_WARN_UNINITIALIZED_AUTOS = YES_AGGRESSIVE;
				GCC_WARN_UNUSED_FUNCTION = YES;
				GCC_WARN_UNUSED_VARIABLE = YES;
				IPHONEOS_DEPLOYMENT_TARGET = 17.0;
				LOCALIZATION_PREFERS_STRING_CATALOGS = YES;
				MTL_ENABLE_DEBUG_INFO = INCLUDE_SOURCE;
				MTL_FAST_MATH = YES;
				ONLY_ACTIVE_ARCH = YES;
				SDKROOT = iphoneos;
				SWIFT_ACTIVE_COMPILATION_CONDITIONS = "DEBUG $(inherited)";
				SWIFT_OPTIMIZATION_LEVEL = "-Onone";
			};
			name = Debug;
		};
		840CD6962AC0E3A600C6AAD0 /* Release */ = {
			isa = XCBuildConfiguration;
			buildSettings = {
				ALWAYS_SEARCH_USER_PATHS = NO;
				ASSETCATALOG_COMPILER_GENERATE_SWIFT_ASSET_SYMBOL_EXTENSIONS = YES;
				CLANG_ANALYZER_NONNULL = YES;
				CLANG_ANALYZER_NUMBER_OBJECT_CONVERSION = YES_AGGRESSIVE;
				CLANG_CXX_LANGUAGE_STANDARD = "gnu++20";
				CLANG_ENABLE_MODULES = YES;
				CLANG_ENABLE_OBJC_ARC = YES;
				CLANG_ENABLE_OBJC_WEAK = YES;
				CLANG_WARN_BLOCK_CAPTURE_AUTORELEASING = YES;
				CLANG_WARN_BOOL_CONVERSION = YES;
				CLANG_WARN_COMMA = YES;
				CLANG_WARN_CONSTANT_CONVERSION = YES;
				CLANG_WARN_DEPRECATED_OBJC_IMPLEMENTATIONS = YES;
				CLANG_WARN_DIRECT_OBJC_ISA_USAGE = YES_ERROR;
				CLANG_WARN_DOCUMENTATION_COMMENTS = YES;
				CLANG_WARN_EMPTY_BODY = YES;
				CLANG_WARN_ENUM_CONVERSION = YES;
				CLANG_WARN_INFINITE_RECURSION = YES;
				CLANG_WARN_INT_CONVERSION = YES;
				CLANG_WARN_NON_LITERAL_NULL_CONVERSION = YES;
				CLANG_WARN_OBJC_IMPLICIT_RETAIN_SELF = YES;
				CLANG_WARN_OBJC_LITERAL_CONVERSION = YES;
				CLANG_WARN_OBJC_ROOT_CLASS = YES_ERROR;
				CLANG_WARN_QUOTED_INCLUDE_IN_FRAMEWORK_HEADER = YES;
				CLANG_WARN_RANGE_LOOP_ANALYSIS = YES;
				CLANG_WARN_STRICT_PROTOTYPES = YES;
				CLANG_WARN_SUSPICIOUS_MOVE = YES;
				CLANG_WARN_UNGUARDED_AVAILABILITY = YES_AGGRESSIVE;
				CLANG_WARN_UNREACHABLE_CODE = YES;
				CLANG_WARN__DUPLICATE_METHOD_MATCH = YES;
				COPY_PHASE_STRIP = NO;
				DEBUG_INFORMATION_FORMAT = "dwarf-with-dsym";
				ENABLE_NS_ASSERTIONS = NO;
				ENABLE_STRICT_OBJC_MSGSEND = YES;
				ENABLE_USER_SCRIPT_SANDBOXING = YES;
				GCC_C_LANGUAGE_STANDARD = gnu17;
				GCC_NO_COMMON_BLOCKS = YES;
				GCC_WARN_64_TO_32_BIT_CONVERSION = YES;
				GCC_WARN_ABOUT_RETURN_TYPE = YES_ERROR;
				GCC_WARN_UNDECLARED_SELECTOR = YES;
				GCC_WARN_UNINITIALIZED_AUTOS = YES_AGGRESSIVE;
				GCC_WARN_UNUSED_FUNCTION = YES;
				GCC_WARN_UNUSED_VARIABLE = YES;
				IPHONEOS_DEPLOYMENT_TARGET = 17.0;
				LOCALIZATION_PREFERS_STRING_CATALOGS = YES;
				MTL_ENABLE_DEBUG_INFO = NO;
				MTL_FAST_MATH = YES;
				SDKROOT = iphoneos;
				SWIFT_COMPILATION_MODE = wholemodule;
				VALIDATE_PRODUCT = YES;
			};
			name = Release;
		};
		840CD6982AC0E3A600C6AAD0 /* Debug */ = {
			isa = XCBuildConfiguration;
			buildSettings = {
				ASSETCATALOG_COMPILER_APPICON_NAME = AppIcon;
				ASSETCATALOG_COMPILER_GLOBAL_ACCENT_COLOR_NAME = AccentColor;
				CODE_SIGN_STYLE = Automatic;
				CURRENT_PROJECT_VERSION = 1;
				DEVELOPMENT_ASSET_PATHS = "\"Example/Preview Content\"";
				DEVELOPMENT_TEAM = ER582ZK85C;
				ENABLE_PREVIEWS = YES;
				GENERATE_INFOPLIST_FILE = YES;
				INFOPLIST_FILE = "${PRODUCT_NAME}/Resources/Info.plist";
				INFOPLIST_KEY_UIApplicationSceneManifest_Generation = YES;
				INFOPLIST_KEY_UIApplicationSupportsIndirectInputEvents = YES;
				INFOPLIST_KEY_UILaunchScreen_Generation = YES;
				INFOPLIST_KEY_UISupportedInterfaceOrientations_iPad = "UIInterfaceOrientationPortrait UIInterfaceOrientationPortraitUpsideDown UIInterfaceOrientationLandscapeLeft UIInterfaceOrientationLandscapeRight";
				INFOPLIST_KEY_UISupportedInterfaceOrientations_iPhone = UIInterfaceOrientationPortrait;
				IPHONEOS_DEPLOYMENT_TARGET = 16.0;
				LD_RUNPATH_SEARCH_PATHS = (
					"$(inherited)",
					"@executable_path/Frameworks",
				);
				MACOSX_DEPLOYMENT_TARGET = 14.0;
				MARKETING_VERSION = 1.0;
				PRODUCT_BUNDLE_IDENTIFIER = app.oversize.Example;
				PRODUCT_NAME = "$(TARGET_NAME)";
				SUPPORTED_PLATFORMS = "appletvos appletvsimulator iphoneos iphonesimulator macosx";
				SUPPORTS_MACCATALYST = NO;
				SUPPORTS_MAC_DESIGNED_FOR_IPHONE_IPAD = NO;
				SWIFT_EMIT_LOC_STRINGS = YES;
				SWIFT_VERSION = 5.0;
				TARGETED_DEVICE_FAMILY = "1,2,3";
				TVOS_DEPLOYMENT_TARGET = 17.0;
			};
			name = Debug;
		};
		840CD6992AC0E3A600C6AAD0 /* Release */ = {
			isa = XCBuildConfiguration;
			buildSettings = {
				ASSETCATALOG_COMPILER_APPICON_NAME = AppIcon;
				ASSETCATALOG_COMPILER_GLOBAL_ACCENT_COLOR_NAME = AccentColor;
				CODE_SIGN_STYLE = Automatic;
				CURRENT_PROJECT_VERSION = 1;
				DEVELOPMENT_ASSET_PATHS = "\"Example/Preview Content\"";
				DEVELOPMENT_TEAM = ER582ZK85C;
				ENABLE_PREVIEWS = YES;
				GENERATE_INFOPLIST_FILE = YES;
				INFOPLIST_FILE = "${PRODUCT_NAME}/Resources/Info.plist";
				INFOPLIST_KEY_UIApplicationSceneManifest_Generation = YES;
				INFOPLIST_KEY_UIApplicationSupportsIndirectInputEvents = YES;
				INFOPLIST_KEY_UILaunchScreen_Generation = YES;
				INFOPLIST_KEY_UISupportedInterfaceOrientations_iPad = "UIInterfaceOrientationPortrait UIInterfaceOrientationPortraitUpsideDown UIInterfaceOrientationLandscapeLeft UIInterfaceOrientationLandscapeRight";
				INFOPLIST_KEY_UISupportedInterfaceOrientations_iPhone = UIInterfaceOrientationPortrait;
				IPHONEOS_DEPLOYMENT_TARGET = 16.0;
				LD_RUNPATH_SEARCH_PATHS = (
					"$(inherited)",
					"@executable_path/Frameworks",
				);
				MACOSX_DEPLOYMENT_TARGET = 14.0;
				MARKETING_VERSION = 1.0;
				PRODUCT_BUNDLE_IDENTIFIER = app.oversize.Example;
				PRODUCT_NAME = "$(TARGET_NAME)";
				SUPPORTED_PLATFORMS = "appletvos appletvsimulator iphoneos iphonesimulator macosx";
				SUPPORTS_MACCATALYST = NO;
				SUPPORTS_MAC_DESIGNED_FOR_IPHONE_IPAD = NO;
				SWIFT_EMIT_LOC_STRINGS = YES;
				SWIFT_VERSION = 5.0;
				TARGETED_DEVICE_FAMILY = "1,2,3";
				TVOS_DEPLOYMENT_TARGET = 17.0;
			};
			name = Release;
		};
/* End XCBuildConfiguration section */

/* Begin XCConfigurationList section */
		840CD65C2AC0E39D00C6AAD0 /* Build configuration list for PBXProject "Example" */ = {
			isa = XCConfigurationList;
			buildConfigurations = (
				840CD6952AC0E3A600C6AAD0 /* Debug */,
				840CD6962AC0E3A600C6AAD0 /* Release */,
			);
			defaultConfigurationIsVisible = 0;
			defaultConfigurationName = Release;
		};
		840CD6972AC0E3A600C6AAD0 /* Build configuration list for PBXNativeTarget "Example" */ = {
			isa = XCConfigurationList;
			buildConfigurations = (
				840CD6982AC0E3A600C6AAD0 /* Debug */,
				840CD6992AC0E3A600C6AAD0 /* Release */,
			);
			defaultConfigurationIsVisible = 0;
			defaultConfigurationName = Release;
		};
/* End XCConfigurationList section */

/* Begin XCLocalSwiftPackageReference section */
		840CD69A2AC0E43000C6AAD0 /* XCLocalSwiftPackageReference ".." */ = {
			isa = XCLocalSwiftPackageReference;
			relativePath = ..;
		};
/* End XCLocalSwiftPackageReference section */

/* Begin XCRemoteSwiftPackageReference section */
		840CD6AD2AC0E44E00C6AAD0 /* XCRemoteSwiftPackageReference "Factory" */ = {
			isa = XCRemoteSwiftPackageReference;
			repositoryURL = "https://github.com/hmlongco/Factory";
			requirement = {
				kind = upToNextMajorVersion;
				minimumVersion = 2.1.3;
			};
		};
		845A59312BA4FD2B00988D52 /* XCRemoteSwiftPackageReference "OversizeModels" */ = {
			isa = XCRemoteSwiftPackageReference;
			repositoryURL = "https://github.com/oversizedev/OversizeModels.git";
			requirement = {
				kind = upToNextMajorVersion;
				minimumVersion = 0.1.0;
			};
		};
/* End XCRemoteSwiftPackageReference section */

/* Begin XCSwiftPackageProductDependency section */
		840CD69D2AC0E43000C6AAD0 /* OversizeCalendarKit */ = {
			isa = XCSwiftPackageProductDependency;
			productName = OversizeCalendarKit;
		};
		840CD69F2AC0E43000C6AAD0 /* OversizeContactsKit */ = {
			isa = XCSwiftPackageProductDependency;
			productName = OversizeContactsKit;
		};
		840CD6A12AC0E43000C6AAD0 /* OversizeKit */ = {
			isa = XCSwiftPackageProductDependency;
			productName = OversizeKit;
		};
		840CD6A32AC0E43000C6AAD0 /* OversizeLocationKit */ = {
			isa = XCSwiftPackageProductDependency;
			productName = OversizeLocationKit;
		};
		840CD6A52AC0E43000C6AAD0 /* OversizeNoticeKit */ = {
			isa = XCSwiftPackageProductDependency;
			productName = OversizeNoticeKit;
		};
		840CD6A72AC0E43000C6AAD0 /* OversizeNotificationKit */ = {
			isa = XCSwiftPackageProductDependency;
			productName = OversizeNotificationKit;
		};
		840CD6A92AC0E43000C6AAD0 /* OversizeOnboardingKit */ = {
			isa = XCSwiftPackageProductDependency;
			productName = OversizeOnboardingKit;
		};
		840CD6AB2AC0E43000C6AAD0 /* OversizePhotoKit */ = {
			isa = XCSwiftPackageProductDependency;
			productName = OversizePhotoKit;
		};
		840CD6AE2AC0E44E00C6AAD0 /* Factory */ = {
			isa = XCSwiftPackageProductDependency;
			package = 840CD6AD2AC0E44E00C6AAD0 /* XCRemoteSwiftPackageReference "Factory" */;
			productName = Factory;
		};
		845A59322BA4FD2B00988D52 /* OversizeModels */ = {
			isa = XCSwiftPackageProductDependency;
			package = 845A59312BA4FD2B00988D52 /* XCRemoteSwiftPackageReference "OversizeModels" */;
			productName = OversizeModels;
		};
/* End XCSwiftPackageProductDependency section */
	};
	rootObject = 840CD6592AC0E39D00C6AAD0 /* Project object */;
}
