// !$*UTF8*$!
{
	archiveVersion = 1;
	classes = {
	};
	objectVersion = 60;
	objects = {

/* Begin PBXBuildFile section */
		840CD6692AC0E39D00C6AAD0 /* AppSettingsView.swift in Sources */ = {isa = PBXBuildFile; fileRef = 840CD6682AC0E39D00C6AAD0 /* AppSettingsView.swift */; };
		840CD66B2AC0E39D00C6AAD0 /* AppSettingsViewModel.swift in Sources */ = {isa = PBXBuildFile; fileRef = 840CD66A2AC0E39D00C6AAD0 /* AppSettingsViewModel.swift */; };
		840CD66D2AC0E39D00C6AAD0 /* AppSettingsPageView.swift in Sources */ = {isa = PBXBuildFile; fileRef = 840CD66C2AC0E39D00C6AAD0 /* AppSettingsPageView.swift */; };
		840CD66F2AC0E39D00C6AAD0 /* AppSettingsPageViewModel.swift in Sources */ = {isa = PBXBuildFile; fileRef = 840CD66E2AC0E39D00C6AAD0 /* AppSettingsPageViewModel.swift */; };
		840CD6722AC0E39D00C6AAD0 /* OnboardingView.swift in Sources */ = {isa = PBXBuildFile; fileRef = 840CD6712AC0E39D00C6AAD0 /* OnboardingView.swift */; };
		840CD6752AC0E39D00C6AAD0 /* MainView.swift in Sources */ = {isa = PBXBuildFile; fileRef = 840CD6742AC0E39D00C6AAD0 /* MainView.swift */; };
		840CD6772AC0E39D00C6AAD0 /* MainViewModel.swift in Sources */ = {isa = PBXBuildFile; fileRef = 840CD6762AC0E39D00C6AAD0 /* MainViewModel.swift */; };
		840CD67A2AC0E39D00C6AAD0 /* Alerts.swift in Sources */ = {isa = PBXBuildFile; fileRef = 840CD6792AC0E39D00C6AAD0 /* Alerts.swift */; };
		840CD67C2AC0E39D00C6AAD0 /* Screens.swift in Sources */ = {isa = PBXBuildFile; fileRef = 840CD67B2AC0E39D00C6AAD0 /* Screens.swift */; };
		840CD67F2AC0E39D00C6AAD0 /* AppConfig.plist in Resources */ = {isa = PBXBuildFile; fileRef = 840CD67E2AC0E39D00C6AAD0 /* AppConfig.plist */; };
		840CD6812AC0E39D00C6AAD0 /* Router.swift in Sources */ = {isa = PBXBuildFile; fileRef = 840CD6802AC0E39D00C6AAD0 /* Router.swift */; };
		840CD6832AC0E39D00C6AAD0 /* Tabs.swift in Sources */ = {isa = PBXBuildFile; fileRef = 840CD6822AC0E39D00C6AAD0 /* Tabs.swift */; };
		840CD68E2AC0E39D00C6AAD0 /* ExampleApp.swift in Sources */ = {isa = PBXBuildFile; fileRef = 840CD68D2AC0E39D00C6AAD0 /* ExampleApp.swift */; };
		840CD6902AC0E3A600C6AAD0 /* Assets.xcassets in Resources */ = {isa = PBXBuildFile; fileRef = 840CD68F2AC0E3A600C6AAD0 /* Assets.xcassets */; };
		840CD6932AC0E3A600C6AAD0 /* Preview Assets.xcassets in Resources */ = {isa = PBXBuildFile; fileRef = 840CD6922AC0E3A600C6AAD0 /* Preview Assets.xcassets */; };
		840CD6AF2AC0E44E00C6AAD0 /* Factory in Frameworks */ = {isa = PBXBuildFile; productRef = 840CD6AE2AC0E44E00C6AAD0 /* Factory */; };
		840CD6B12AC0E6E200C6AAD0 /* Products.storekit in Resources */ = {isa = PBXBuildFile; fileRef = 840CD6B02AC0E6E200C6AAD0 /* Products.storekit */; };
		84664C312BF9FD6400A24148 /* Example (watchOS) Watch App.app in Embed Watch Content */ = {isa = PBXBuildFile; fileRef = 84664C302BF9FD6400A24148 /* Example (watchOS) Watch App.app */; settings = {ATTRIBUTES = (RemoveHeadersOnCopy, ); }; };
		84664C362BF9FD6400A24148 /* Example__watchOS_App.swift in Sources */ = {isa = PBXBuildFile; fileRef = 84664C352BF9FD6400A24148 /* Example__watchOS_App.swift */; };
		84664C382BF9FD6400A24148 /* ContentView.swift in Sources */ = {isa = PBXBuildFile; fileRef = 84664C372BF9FD6400A24148 /* ContentView.swift */; };
		84664C3A2BF9FD6500A24148 /* Assets.xcassets in Resources */ = {isa = PBXBuildFile; fileRef = 84664C392BF9FD6500A24148 /* Assets.xcassets */; };
		84664C3D2BF9FD6500A24148 /* Preview Assets.xcassets in Resources */ = {isa = PBXBuildFile; fileRef = 84664C3C2BF9FD6500A24148 /* Preview Assets.xcassets */; };
		84664C472BF9FDC200A24148 /* Factory in Frameworks */ = {isa = PBXBuildFile; productRef = 84664C462BF9FDC200A24148 /* Factory */; };
		848479442BF9FF94003FC3FC /* OversizeCalendarKit in Frameworks */ = {isa = PBXBuildFile; productRef = 848479432BF9FF94003FC3FC /* OversizeCalendarKit */; };
		848479462BF9FF94003FC3FC /* OversizeContactsKit in Frameworks */ = {isa = PBXBuildFile; productRef = 848479452BF9FF94003FC3FC /* OversizeContactsKit */; };
		848479482BF9FF94003FC3FC /* OversizeKit in Frameworks */ = {isa = PBXBuildFile; productRef = 848479472BF9FF94003FC3FC /* OversizeKit */; };
		8484794A2BF9FF94003FC3FC /* OversizeLocationKit in Frameworks */ = {isa = PBXBuildFile; productRef = 848479492BF9FF94003FC3FC /* OversizeLocationKit */; };
		8484794C2BF9FF94003FC3FC /* OversizeNoticeKit in Frameworks */ = {isa = PBXBuildFile; productRef = 8484794B2BF9FF94003FC3FC /* OversizeNoticeKit */; };
		8484794E2BF9FF94003FC3FC /* OversizeNotificationKit in Frameworks */ = {isa = PBXBuildFile; productRef = 8484794D2BF9FF94003FC3FC /* OversizeNotificationKit */; };
		848479502BF9FF94003FC3FC /* OversizeOnboardingKit in Frameworks */ = {isa = PBXBuildFile; productRef = 8484794F2BF9FF94003FC3FC /* OversizeOnboardingKit */; };
		848479522BF9FF94003FC3FC /* OversizePhotoKit in Frameworks */ = {isa = PBXBuildFile; productRef = 848479512BF9FF94003FC3FC /* OversizePhotoKit */; };
		848479542BF9FFA4003FC3FC /* OversizeCalendarKit in Frameworks */ = {isa = PBXBuildFile; productRef = 848479532BF9FFA4003FC3FC /* OversizeCalendarKit */; };
		848479562BF9FFA4003FC3FC /* OversizeContactsKit in Frameworks */ = {isa = PBXBuildFile; productRef = 848479552BF9FFA4003FC3FC /* OversizeContactsKit */; };
		848479582BF9FFA4003FC3FC /* OversizeKit in Frameworks */ = {isa = PBXBuildFile; productRef = 848479572BF9FFA4003FC3FC /* OversizeKit */; };
		8484795A2BF9FFA4003FC3FC /* OversizeLocationKit in Frameworks */ = {isa = PBXBuildFile; productRef = 848479592BF9FFA4003FC3FC /* OversizeLocationKit */; };
		8484795C2BF9FFA4003FC3FC /* OversizeNoticeKit in Frameworks */ = {isa = PBXBuildFile; productRef = 8484795B2BF9FFA4003FC3FC /* OversizeNoticeKit */; };
		8484795E2BF9FFA4003FC3FC /* OversizeNotificationKit in Frameworks */ = {isa = PBXBuildFile; productRef = 8484795D2BF9FFA4003FC3FC /* OversizeNotificationKit */; };
		848479602BF9FFA4003FC3FC /* OversizeOnboardingKit in Frameworks */ = {isa = PBXBuildFile; productRef = 8484795F2BF9FFA4003FC3FC /* OversizeOnboardingKit */; };
		848479622BF9FFA4003FC3FC /* OversizePhotoKit in Frameworks */ = {isa = PBXBuildFile; productRef = 848479612BF9FFA4003FC3FC /* OversizePhotoKit */; };
		848479652BFA0E64003FC3FC /* TestView.swift in Sources */ = {isa = PBXBuildFile; fileRef = 848479642BFA0E64003FC3FC /* TestView.swift */; };
/* End PBXBuildFile section */

/* Begin PBXContainerItemProxy section */
		84664C322BF9FD6400A24148 /* PBXContainerItemProxy */ = {
			isa = PBXContainerItemProxy;
			containerPortal = 840CD6592AC0E39D00C6AAD0 /* Project object */;
			proxyType = 1;
			remoteGlobalIDString = 84664C2F2BF9FD6400A24148;
			remoteInfo = "Example (watchOS) Watch App";
		};
/* End PBXContainerItemProxy section */

/* Begin PBXCopyFilesBuildPhase section */
		84664C412BF9FD6500A24148 /* Embed Watch Content */ = {
			isa = PBXCopyFilesBuildPhase;
			buildActionMask = 2147483647;
			dstPath = "$(CONTENTS_FOLDER_PATH)/Watch";
			dstSubfolderSpec = 16;
			files = (
				84664C312BF9FD6400A24148 /* Example (watchOS) Watch App.app in Embed Watch Content */,
			);
			name = "Embed Watch Content";
			runOnlyForDeploymentPostprocessing = 0;
		};
/* End PBXCopyFilesBuildPhase section */

/* Begin PBXFileReference section */
		840CD6632AC0E39D00C6AAD0 /* Example.app */ = {isa = PBXFileReference; explicitFileType = wrapper.application; includeInIndex = 0; path = Example.app; sourceTree = BUILT_PRODUCTS_DIR; };
		840CD6682AC0E39D00C6AAD0 /* AppSettingsView.swift */ = {isa = PBXFileReference; lastKnownFileType = sourcecode.swift; path = AppSettingsView.swift; sourceTree = "<group>"; };
		840CD66A2AC0E39D00C6AAD0 /* AppSettingsViewModel.swift */ = {isa = PBXFileReference; lastKnownFileType = sourcecode.swift; path = AppSettingsViewModel.swift; sourceTree = "<group>"; };
		840CD66C2AC0E39D00C6AAD0 /* AppSettingsPageView.swift */ = {isa = PBXFileReference; lastKnownFileType = sourcecode.swift; path = AppSettingsPageView.swift; sourceTree = "<group>"; };
		840CD66E2AC0E39D00C6AAD0 /* AppSettingsPageViewModel.swift */ = {isa = PBXFileReference; lastKnownFileType = sourcecode.swift; path = AppSettingsPageViewModel.swift; sourceTree = "<group>"; };
		840CD6712AC0E39D00C6AAD0 /* OnboardingView.swift */ = {isa = PBXFileReference; lastKnownFileType = sourcecode.swift; path = OnboardingView.swift; sourceTree = "<group>"; };
		840CD6742AC0E39D00C6AAD0 /* MainView.swift */ = {isa = PBXFileReference; lastKnownFileType = sourcecode.swift; path = MainView.swift; sourceTree = "<group>"; };
		840CD6762AC0E39D00C6AAD0 /* MainViewModel.swift */ = {isa = PBXFileReference; lastKnownFileType = sourcecode.swift; path = MainViewModel.swift; sourceTree = "<group>"; };
		840CD6792AC0E39D00C6AAD0 /* Alerts.swift */ = {isa = PBXFileReference; lastKnownFileType = sourcecode.swift; path = Alerts.swift; sourceTree = "<group>"; };
		840CD67B2AC0E39D00C6AAD0 /* Screens.swift */ = {isa = PBXFileReference; lastKnownFileType = sourcecode.swift; path = Screens.swift; sourceTree = "<group>"; };
		840CD67E2AC0E39D00C6AAD0 /* AppConfig.plist */ = {isa = PBXFileReference; lastKnownFileType = text.plist.xml; path = AppConfig.plist; sourceTree = "<group>"; };
		840CD6802AC0E39D00C6AAD0 /* Router.swift */ = {isa = PBXFileReference; lastKnownFileType = sourcecode.swift; path = Router.swift; sourceTree = "<group>"; };
		840CD6822AC0E39D00C6AAD0 /* Tabs.swift */ = {isa = PBXFileReference; lastKnownFileType = sourcecode.swift; path = Tabs.swift; sourceTree = "<group>"; };
		840CD6852AC0E39D00C6AAD0 /* .gitignore */ = {isa = PBXFileReference; lastKnownFileType = text; name = .gitignore; path = ../../../.gitignore; sourceTree = "<group>"; };
		840CD6872AC0E39D00C6AAD0 /* .swiftformat */ = {isa = PBXFileReference; lastKnownFileType = text; name = .swiftformat; path = ../../../.swiftformat; sourceTree = "<group>"; };
		840CD6892AC0E39D00C6AAD0 /* .swiftlint.yml */ = {isa = PBXFileReference; lastKnownFileType = text.yaml; name = .swiftlint.yml; path = ../../../.swiftlint.yml; sourceTree = "<group>"; };
		840CD68B2AC0E39D00C6AAD0 /* swiftgen.yml */ = {isa = PBXFileReference; lastKnownFileType = text.yaml; path = swiftgen.yml; sourceTree = "<group>"; };
		840CD68D2AC0E39D00C6AAD0 /* ExampleApp.swift */ = {isa = PBXFileReference; lastKnownFileType = sourcecode.swift; path = ExampleApp.swift; sourceTree = "<group>"; };
		840CD68F2AC0E3A600C6AAD0 /* Assets.xcassets */ = {isa = PBXFileReference; lastKnownFileType = folder.assetcatalog; name = Assets.xcassets; path = ../Assets.xcassets; sourceTree = "<group>"; };
		840CD6922AC0E3A600C6AAD0 /* Preview Assets.xcassets */ = {isa = PBXFileReference; lastKnownFileType = folder.assetcatalog; path = "Preview Assets.xcassets"; sourceTree = "<group>"; };
		840CD6942AC0E3A600C6AAD0 /* Info.plist */ = {isa = PBXFileReference; lastKnownFileType = text.plist.xml; path = Info.plist; sourceTree = "<group>"; };
		840CD6B02AC0E6E200C6AAD0 /* Products.storekit */ = {isa = PBXFileReference; lastKnownFileType = text; path = Products.storekit; sourceTree = "<group>"; };
		84664C2B2BF9FD6400A24148 /* Example (watchOS).app */ = {isa = PBXFileReference; explicitFileType = wrapper.application; includeInIndex = 0; path = "Example (watchOS).app"; sourceTree = BUILT_PRODUCTS_DIR; };
		84664C302BF9FD6400A24148 /* Example (watchOS) Watch App.app */ = {isa = PBXFileReference; explicitFileType = wrapper.application; includeInIndex = 0; path = "Example (watchOS) Watch App.app"; sourceTree = BUILT_PRODUCTS_DIR; };
		84664C352BF9FD6400A24148 /* Example__watchOS_App.swift */ = {isa = PBXFileReference; lastKnownFileType = sourcecode.swift; path = Example__watchOS_App.swift; sourceTree = "<group>"; };
		84664C372BF9FD6400A24148 /* ContentView.swift */ = {isa = PBXFileReference; lastKnownFileType = sourcecode.swift; path = ContentView.swift; sourceTree = "<group>"; };
		84664C392BF9FD6500A24148 /* Assets.xcassets */ = {isa = PBXFileReference; lastKnownFileType = folder.assetcatalog; path = Assets.xcassets; sourceTree = "<group>"; };
		84664C3C2BF9FD6500A24148 /* Preview Assets.xcassets */ = {isa = PBXFileReference; lastKnownFileType = folder.assetcatalog; path = "Preview Assets.xcassets"; sourceTree = "<group>"; };
		848479642BFA0E64003FC3FC /* TestView.swift */ = {isa = PBXFileReference; lastKnownFileType = sourcecode.swift; path = TestView.swift; sourceTree = "<group>"; };
		84DE88812BF9FEED00CCF37A /* Package.swift */ = {isa = PBXFileReference; lastKnownFileType = sourcecode.swift; name = Package.swift; path = ../Package.swift; sourceTree = "<group>"; };
		84DE88822BF9FF5100CCF37A /* OversizeKit */ = {isa = PBXFileReference; lastKnownFileType = wrapper; name = OversizeKit; path = ..; sourceTree = "<group>"; };
/* End PBXFileReference section */

/* Begin PBXFrameworksBuildPhase section */
		840CD65E2AC0E39D00C6AAD0 /* Frameworks */ = {
			isa = PBXFrameworksBuildPhase;
			buildActionMask = 2147483647;
			files = (
				848479622BF9FFA4003FC3FC /* OversizePhotoKit in Frameworks */,
				848479542BF9FFA4003FC3FC /* OversizeCalendarKit in Frameworks */,
				8484795E2BF9FFA4003FC3FC /* OversizeNotificationKit in Frameworks */,
				840CD6AF2AC0E44E00C6AAD0 /* Factory in Frameworks */,
				848479582BF9FFA4003FC3FC /* OversizeKit in Frameworks */,
				8484795A2BF9FFA4003FC3FC /* OversizeLocationKit in Frameworks */,
				8484795C2BF9FFA4003FC3FC /* OversizeNoticeKit in Frameworks */,
				848479562BF9FFA4003FC3FC /* OversizeContactsKit in Frameworks */,
				848479602BF9FFA4003FC3FC /* OversizeOnboardingKit in Frameworks */,
			);
			runOnlyForDeploymentPostprocessing = 0;
		};
		84664C2D2BF9FD6400A24148 /* Frameworks */ = {
			isa = PBXFrameworksBuildPhase;
			buildActionMask = 2147483647;
			files = (
				848479522BF9FF94003FC3FC /* OversizePhotoKit in Frameworks */,
				848479442BF9FF94003FC3FC /* OversizeCalendarKit in Frameworks */,
				8484794E2BF9FF94003FC3FC /* OversizeNotificationKit in Frameworks */,
				84664C472BF9FDC200A24148 /* Factory in Frameworks */,
				848479482BF9FF94003FC3FC /* OversizeKit in Frameworks */,
				8484794A2BF9FF94003FC3FC /* OversizeLocationKit in Frameworks */,
				8484794C2BF9FF94003FC3FC /* OversizeNoticeKit in Frameworks */,
				848479462BF9FF94003FC3FC /* OversizeContactsKit in Frameworks */,
				848479502BF9FF94003FC3FC /* OversizeOnboardingKit in Frameworks */,
			);
			runOnlyForDeploymentPostprocessing = 0;
		};
/* End PBXFrameworksBuildPhase section */

/* Begin PBXGroup section */
		840CD6582AC0E39D00C6AAD0 = {
			isa = PBXGroup;
			children = (
				84DE88822BF9FF5100CCF37A /* OversizeKit */,
				840CD6652AC0E39D00C6AAD0 /* Example */,
				84664C342BF9FD6400A24148 /* Example (watchOS) Watch App */,
				840CD6642AC0E39D00C6AAD0 /* Products */,
				84664C452BF9FDC200A24148 /* Frameworks */,
			);
			sourceTree = "<group>";
		};
		840CD6642AC0E39D00C6AAD0 /* Products */ = {
			isa = PBXGroup;
			children = (
				840CD6632AC0E39D00C6AAD0 /* Example.app */,
				84664C2B2BF9FD6400A24148 /* Example (watchOS).app */,
				84664C302BF9FD6400A24148 /* Example (watchOS) Watch App.app */,
			);
			name = Products;
			sourceTree = "<group>";
		};
		840CD6652AC0E39D00C6AAD0 /* Example */ = {
			isa = PBXGroup;
			children = (
				840CD68D2AC0E39D00C6AAD0 /* ExampleApp.swift */,
				848479632BFA0E55003FC3FC /* Test */,
				840CD6662AC0E39D00C6AAD0 /* Screens */,
				840CD6782AC0E39D00C6AAD0 /* Router */,
				840CD67D2AC0E39D00C6AAD0 /* Resources */,
				840CD6912AC0E3A600C6AAD0 /* Preview Content */,
			);
			path = Example;
			sourceTree = "<group>";
		};
		840CD6662AC0E39D00C6AAD0 /* Screens */ = {
			isa = PBXGroup;
			children = (
				840CD6672AC0E39D00C6AAD0 /* AppSettings */,
				840CD6702AC0E39D00C6AAD0 /* Onboarding */,
				840CD6732AC0E39D00C6AAD0 /* Main */,
			);
			path = Screens;
			sourceTree = "<group>";
		};
		840CD6672AC0E39D00C6AAD0 /* AppSettings */ = {
			isa = PBXGroup;
			children = (
				840CD6682AC0E39D00C6AAD0 /* AppSettingsView.swift */,
				840CD66A2AC0E39D00C6AAD0 /* AppSettingsViewModel.swift */,
				840CD66C2AC0E39D00C6AAD0 /* AppSettingsPageView.swift */,
				840CD66E2AC0E39D00C6AAD0 /* AppSettingsPageViewModel.swift */,
			);
			path = AppSettings;
			sourceTree = "<group>";
		};
		840CD6702AC0E39D00C6AAD0 /* Onboarding */ = {
			isa = PBXGroup;
			children = (
				840CD6712AC0E39D00C6AAD0 /* OnboardingView.swift */,
			);
			path = Onboarding;
			sourceTree = "<group>";
		};
		840CD6732AC0E39D00C6AAD0 /* Main */ = {
			isa = PBXGroup;
			children = (
				840CD6742AC0E39D00C6AAD0 /* MainView.swift */,
				840CD6762AC0E39D00C6AAD0 /* MainViewModel.swift */,
			);
			path = Main;
			sourceTree = "<group>";
		};
		840CD6782AC0E39D00C6AAD0 /* Router */ = {
			isa = PBXGroup;
			children = (
				840CD6792AC0E39D00C6AAD0 /* Alerts.swift */,
				840CD67B2AC0E39D00C6AAD0 /* Screens.swift */,
				840CD6802AC0E39D00C6AAD0 /* Router.swift */,
				840CD6822AC0E39D00C6AAD0 /* Tabs.swift */,
			);
			path = Router;
			sourceTree = "<group>";
		};
		840CD67D2AC0E39D00C6AAD0 /* Resources */ = {
			isa = PBXGroup;
			children = (
				840CD6942AC0E3A600C6AAD0 /* Info.plist */,
				840CD67E2AC0E39D00C6AAD0 /* AppConfig.plist */,
				840CD6B02AC0E6E200C6AAD0 /* Products.storekit */,
				840CD68F2AC0E3A600C6AAD0 /* Assets.xcassets */,
				840CD6842AC0E39D00C6AAD0 /* Scripts */,
			);
			path = Resources;
			sourceTree = "<group>";
		};
		840CD6842AC0E39D00C6AAD0 /* Scripts */ = {
			isa = PBXGroup;
			children = (
				840CD6852AC0E39D00C6AAD0 /* .gitignore */,
				840CD6872AC0E39D00C6AAD0 /* .swiftformat */,
				840CD6892AC0E39D00C6AAD0 /* .swiftlint.yml */,
				840CD68B2AC0E39D00C6AAD0 /* swiftgen.yml */,
			);
			path = Scripts;
			sourceTree = "<group>";
		};
		840CD6912AC0E3A600C6AAD0 /* Preview Content */ = {
			isa = PBXGroup;
			children = (
				840CD6922AC0E3A600C6AAD0 /* Preview Assets.xcassets */,
			);
			path = "Preview Content";
			sourceTree = "<group>";
		};
		84664C342BF9FD6400A24148 /* Example (watchOS) Watch App */ = {
			isa = PBXGroup;
			children = (
				84664C352BF9FD6400A24148 /* Example__watchOS_App.swift */,
				84664C372BF9FD6400A24148 /* ContentView.swift */,
				84664C392BF9FD6500A24148 /* Assets.xcassets */,
				84664C3B2BF9FD6500A24148 /* Preview Content */,
			);
			path = "Example (watchOS) Watch App";
			sourceTree = "<group>";
		};
		84664C3B2BF9FD6500A24148 /* Preview Content */ = {
			isa = PBXGroup;
			children = (
				84664C3C2BF9FD6500A24148 /* Preview Assets.xcassets */,
			);
			path = "Preview Content";
			sourceTree = "<group>";
		};
		84664C452BF9FDC200A24148 /* Frameworks */ = {
			isa = PBXGroup;
			children = (
				84DE88812BF9FEED00CCF37A /* Package.swift */,
			);
			name = Frameworks;
			sourceTree = "<group>";
		};
		848479632BFA0E55003FC3FC /* Test */ = {
			isa = PBXGroup;
			children = (
				848479642BFA0E64003FC3FC /* TestView.swift */,
			);
			path = Test;
			sourceTree = "<group>";
		};
/* End PBXGroup section */

/* Begin PBXNativeTarget section */
		840CD6622AC0E39D00C6AAD0 /* Example */ = {
			isa = PBXNativeTarget;
			buildConfigurationList = 840CD6972AC0E3A600C6AAD0 /* Build configuration list for PBXNativeTarget "Example" */;
			buildPhases = (
				840CD65D2AC0E39D00C6AAD0 /* Sources */,
				840CD65E2AC0E39D00C6AAD0 /* Frameworks */,
				840CD65F2AC0E39D00C6AAD0 /* Resources */,
			);
			buildRules = (
			);
			dependencies = (
			);
			name = Example;
			packageProductDependencies = (
				840CD6AE2AC0E44E00C6AAD0 /* Factory */,
				848479532BF9FFA4003FC3FC /* OversizeCalendarKit */,
				848479552BF9FFA4003FC3FC /* OversizeContactsKit */,
				848479572BF9FFA4003FC3FC /* OversizeKit */,
				848479592BF9FFA4003FC3FC /* OversizeLocationKit */,
				8484795B2BF9FFA4003FC3FC /* OversizeNoticeKit */,
				8484795D2BF9FFA4003FC3FC /* OversizeNotificationKit */,
				8484795F2BF9FFA4003FC3FC /* OversizeOnboardingKit */,
				848479612BF9FFA4003FC3FC /* OversizePhotoKit */,
			);
			productName = Example;
			productReference = 840CD6632AC0E39D00C6AAD0 /* Example.app */;
			productType = "com.apple.product-type.application";
		};
		84664C2A2BF9FD6400A24148 /* Example (watchOS) */ = {
			isa = PBXNativeTarget;
			buildConfigurationList = 84664C422BF9FD6500A24148 /* Build configuration list for PBXNativeTarget "Example (watchOS)" */;
			buildPhases = (
				84664C292BF9FD6400A24148 /* Resources */,
				84664C412BF9FD6500A24148 /* Embed Watch Content */,
			);
			buildRules = (
			);
			dependencies = (
				84664C332BF9FD6400A24148 /* PBXTargetDependency */,
			);
			name = "Example (watchOS)";
			productName = "Example (watchOS)";
			productReference = 84664C2B2BF9FD6400A24148 /* Example (watchOS).app */;
			productType = "com.apple.product-type.application.watchapp2-container";
		};
		84664C2F2BF9FD6400A24148 /* Example (watchOS) Watch App */ = {
			isa = PBXNativeTarget;
			buildConfigurationList = 84664C3E2BF9FD6500A24148 /* Build configuration list for PBXNativeTarget "Example (watchOS) Watch App" */;
			buildPhases = (
				84664C2C2BF9FD6400A24148 /* Sources */,
				84664C2D2BF9FD6400A24148 /* Frameworks */,
				84664C2E2BF9FD6400A24148 /* Resources */,
			);
			buildRules = (
			);
			dependencies = (
			);
			name = "Example (watchOS) Watch App";
			packageProductDependencies = (
				84664C462BF9FDC200A24148 /* Factory */,
				848479432BF9FF94003FC3FC /* OversizeCalendarKit */,
				848479452BF9FF94003FC3FC /* OversizeContactsKit */,
				848479472BF9FF94003FC3FC /* OversizeKit */,
				848479492BF9FF94003FC3FC /* OversizeLocationKit */,
				8484794B2BF9FF94003FC3FC /* OversizeNoticeKit */,
				8484794D2BF9FF94003FC3FC /* OversizeNotificationKit */,
				8484794F2BF9FF94003FC3FC /* OversizeOnboardingKit */,
				848479512BF9FF94003FC3FC /* OversizePhotoKit */,
			);
			productName = "Example (watchOS) Watch App";
			productReference = 84664C302BF9FD6400A24148 /* Example (watchOS) Watch App.app */;
			productType = "com.apple.product-type.application";
		};
/* End PBXNativeTarget section */

/* Begin PBXProject section */
		840CD6592AC0E39D00C6AAD0 /* Project object */ = {
			isa = PBXProject;
			attributes = {
				BuildIndependentTargetsInParallel = 1;
				LastSwiftUpdateCheck = 1540;
				LastUpgradeCheck = 1500;
				TargetAttributes = {
					840CD6622AC0E39D00C6AAD0 = {
						CreatedOnToolsVersion = 15.0;
					};
					84664C2A2BF9FD6400A24148 = {
						CreatedOnToolsVersion = 15.4;
					};
					84664C2F2BF9FD6400A24148 = {
						CreatedOnToolsVersion = 15.4;
					};
				};
			};
			buildConfigurationList = 840CD65C2AC0E39D00C6AAD0 /* Build configuration list for PBXProject "Example" */;
			compatibilityVersion = "Xcode 14.0";
			developmentRegion = en;
			hasScannedForEncodings = 0;
			knownRegions = (
				en,
				Base,
			);
			mainGroup = 840CD6582AC0E39D00C6AAD0;
			packageReferences = (
				840CD69A2AC0E43000C6AAD0 /* XCLocalSwiftPackageReference ".." */,
				840CD6AD2AC0E44E00C6AAD0 /* XCRemoteSwiftPackageReference "Factory" */,
				845A59312BA4FD2B00988D52 /* XCRemoteSwiftPackageReference "OversizeModels" */,
			);
			productRefGroup = 840CD6642AC0E39D00C6AAD0 /* Products */;
			projectDirPath = "";
			projectRoot = "";
			targets = (
				840CD6622AC0E39D00C6AAD0 /* Example */,
				84664C2A2BF9FD6400A24148 /* Example (watchOS) */,
				84664C2F2BF9FD6400A24148 /* Example (watchOS) Watch App */,
			);
		};
/* End PBXProject section */

/* Begin PBXResourcesBuildPhase section */
		840CD65F2AC0E39D00C6AAD0 /* Resources */ = {
			isa = PBXResourcesBuildPhase;
			buildActionMask = 2147483647;
			files = (
				840CD6B12AC0E6E200C6AAD0 /* Products.storekit in Resources */,
				840CD6932AC0E3A600C6AAD0 /* Preview Assets.xcassets in Resources */,
				840CD67F2AC0E39D00C6AAD0 /* AppConfig.plist in Resources */,
				840CD6902AC0E3A600C6AAD0 /* Assets.xcassets in Resources */,
			);
			runOnlyForDeploymentPostprocessing = 0;
		};
		84664C292BF9FD6400A24148 /* Resources */ = {
			isa = PBXResourcesBuildPhase;
			buildActionMask = 2147483647;
			files = (
			);
			runOnlyForDeploymentPostprocessing = 0;
		};
		84664C2E2BF9FD6400A24148 /* Resources */ = {
			isa = PBXResourcesBuildPhase;
			buildActionMask = 2147483647;
			files = (
				84664C3D2BF9FD6500A24148 /* Preview Assets.xcassets in Resources */,
				84664C3A2BF9FD6500A24148 /* Assets.xcassets in Resources */,
			);
			runOnlyForDeploymentPostprocessing = 0;
		};
/* End PBXResourcesBuildPhase section */

/* Begin PBXSourcesBuildPhase section */
		840CD65D2AC0E39D00C6AAD0 /* Sources */ = {
			isa = PBXSourcesBuildPhase;
			buildActionMask = 2147483647;
			files = (
				840CD68E2AC0E39D00C6AAD0 /* ExampleApp.swift in Sources */,
				840CD6772AC0E39D00C6AAD0 /* MainViewModel.swift in Sources */,
				840CD66F2AC0E39D00C6AAD0 /* AppSettingsPageViewModel.swift in Sources */,
				840CD6812AC0E39D00C6AAD0 /* Router.swift in Sources */,
				840CD67A2AC0E39D00C6AAD0 /* Alerts.swift in Sources */,
				840CD6832AC0E39D00C6AAD0 /* Tabs.swift in Sources */,
				840CD6752AC0E39D00C6AAD0 /* MainView.swift in Sources */,
				840CD6692AC0E39D00C6AAD0 /* AppSettingsView.swift in Sources */,
				840CD66D2AC0E39D00C6AAD0 /* AppSettingsPageView.swift in Sources */,
				840CD67C2AC0E39D00C6AAD0 /* Screens.swift in Sources */,
				840CD6722AC0E39D00C6AAD0 /* OnboardingView.swift in Sources */,
				848479652BFA0E64003FC3FC /* TestView.swift in Sources */,
				840CD66B2AC0E39D00C6AAD0 /* AppSettingsViewModel.swift in Sources */,
			);
			runOnlyForDeploymentPostprocessing = 0;
		};
		84664C2C2BF9FD6400A24148 /* Sources */ = {
			isa = PBXSourcesBuildPhase;
			buildActionMask = 2147483647;
			files = (
				84664C382BF9FD6400A24148 /* ContentView.swift in Sources */,
				84664C362BF9FD6400A24148 /* Example__watchOS_App.swift in Sources */,
			);
			runOnlyForDeploymentPostprocessing = 0;
		};
/* End PBXSourcesBuildPhase section */

/* Begin PBXTargetDependency section */
		84664C332BF9FD6400A24148 /* PBXTargetDependency */ = {
			isa = PBXTargetDependency;
			target = 84664C2F2BF9FD6400A24148 /* Example (watchOS) Watch App */;
			targetProxy = 84664C322BF9FD6400A24148 /* PBXContainerItemProxy */;
		};
/* End PBXTargetDependency section */

/* Begin XCBuildConfiguration section */
		840CD6952AC0E3A600C6AAD0 /* Debug */ = {
			isa = XCBuildConfiguration;
			buildSettings = {
				ALWAYS_SEARCH_USER_PATHS = NO;
				ASSETCATALOG_COMPILER_GENERATE_SWIFT_ASSET_SYMBOL_EXTENSIONS = YES;
				CLANG_ANALYZER_NONNULL = YES;
				CLANG_ANALYZER_NUMBER_OBJECT_CONVERSION = YES_AGGRESSIVE;
				CLANG_CXX_LANGUAGE_STANDARD = "gnu++20";
				CLANG_ENABLE_MODULES = YES;
				CLANG_ENABLE_OBJC_ARC = YES;
				CLANG_ENABLE_OBJC_WEAK = YES;
				CLANG_WARN_BLOCK_CAPTURE_AUTORELEASING = YES;
				CLANG_WARN_BOOL_CONVERSION = YES;
				CLANG_WARN_COMMA = YES;
				CLANG_WARN_CONSTANT_CONVERSION = YES;
				CLANG_WARN_DEPRECATED_OBJC_IMPLEMENTATIONS = YES;
				CLANG_WARN_DIRECT_OBJC_ISA_USAGE = YES_ERROR;
				CLANG_WARN_DOCUMENTATION_COMMENTS = YES;
				CLANG_WARN_EMPTY_BODY = YES;
				CLANG_WARN_ENUM_CONVERSION = YES;
				CLANG_WARN_INFINITE_RECURSION = YES;
				CLANG_WARN_INT_CONVERSION = YES;
				CLANG_WARN_NON_LITERAL_NULL_CONVERSION = YES;
				CLANG_WARN_OBJC_IMPLICIT_RETAIN_SELF = YES;
				CLANG_WARN_OBJC_LITERAL_CONVERSION = YES;
				CLANG_WARN_OBJC_ROOT_CLASS = YES_ERROR;
				CLANG_WARN_QUOTED_INCLUDE_IN_FRAMEWORK_HEADER = YES;
				CLANG_WARN_RANGE_LOOP_ANALYSIS = YES;
				CLANG_WARN_STRICT_PROTOTYPES = YES;
				CLANG_WARN_SUSPICIOUS_MOVE = YES;
				CLANG_WARN_UNGUARDED_AVAILABILITY = YES_AGGRESSIVE;
				CLANG_WARN_UNREACHABLE_CODE = YES;
				CLANG_WARN__DUPLICATE_METHOD_MATCH = YES;
				COPY_PHASE_STRIP = NO;
				DEBUG_INFORMATION_FORMAT = dwarf;
				ENABLE_STRICT_OBJC_MSGSEND = YES;
				ENABLE_TESTABILITY = YES;
				ENABLE_USER_SCRIPT_SANDBOXING = YES;
				GCC_C_LANGUAGE_STANDARD = gnu17;
				GCC_DYNAMIC_NO_PIC = NO;
				GCC_NO_COMMON_BLOCKS = YES;
				GCC_OPTIMIZATION_LEVEL = 0;
				GCC_PREPROCESSOR_DEFINITIONS = (
					"DEBUG=1",
					"$(inherited)",
				);
				GCC_WARN_64_TO_32_BIT_CONVERSION = YES;
				GCC_WARN_ABOUT_RETURN_TYPE = YES_ERROR;
				GCC_WARN_UNDECLARED_SELECTOR = YES;
				GCC_WARN_UNINITIALIZED_AUTOS = YES_AGGRESSIVE;
				GCC_WARN_UNUSED_FUNCTION = YES;
				GCC_WARN_UNUSED_VARIABLE = YES;
				IPHONEOS_DEPLOYMENT_TARGET = 17.0;
				LOCALIZATION_PREFERS_STRING_CATALOGS = YES;
				MTL_ENABLE_DEBUG_INFO = INCLUDE_SOURCE;
				MTL_FAST_MATH = YES;
				ONLY_ACTIVE_ARCH = YES;
				SDKROOT = iphoneos;
				SWIFT_ACTIVE_COMPILATION_CONDITIONS = "DEBUG $(inherited)";
				SWIFT_OPTIMIZATION_LEVEL = "-Onone";
			};
			name = Debug;
		};
		840CD6962AC0E3A600C6AAD0 /* Release */ = {
			isa = XCBuildConfiguration;
			buildSettings = {
				ALWAYS_SEARCH_USER_PATHS = NO;
				ASSETCATALOG_COMPILER_GENERATE_SWIFT_ASSET_SYMBOL_EXTENSIONS = YES;
				CLANG_ANALYZER_NONNULL = YES;
				CLANG_ANALYZER_NUMBER_OBJECT_CONVERSION = YES_AGGRESSIVE;
				CLANG_CXX_LANGUAGE_STANDARD = "gnu++20";
				CLANG_ENABLE_MODULES = YES;
				CLANG_ENABLE_OBJC_ARC = YES;
				CLANG_ENABLE_OBJC_WEAK = YES;
				CLANG_WARN_BLOCK_CAPTURE_AUTORELEASING = YES;
				CLANG_WARN_BOOL_CONVERSION = YES;
				CLANG_WARN_COMMA = YES;
				CLANG_WARN_CONSTANT_CONVERSION = YES;
				CLANG_WARN_DEPRECATED_OBJC_IMPLEMENTATIONS = YES;
				CLANG_WARN_DIRECT_OBJC_ISA_USAGE = YES_ERROR;
				CLANG_WARN_DOCUMENTATION_COMMENTS = YES;
				CLANG_WARN_EMPTY_BODY = YES;
				CLANG_WARN_ENUM_CONVERSION = YES;
				CLANG_WARN_INFINITE_RECURSION = YES;
				CLANG_WARN_INT_CONVERSION = YES;
				CLANG_WARN_NON_LITERAL_NULL_CONVERSION = YES;
				CLANG_WARN_OBJC_IMPLICIT_RETAIN_SELF = YES;
				CLANG_WARN_OBJC_LITERAL_CONVERSION = YES;
				CLANG_WARN_OBJC_ROOT_CLASS = YES_ERROR;
				CLANG_WARN_QUOTED_INCLUDE_IN_FRAMEWORK_HEADER = YES;
				CLANG_WARN_RANGE_LOOP_ANALYSIS = YES;
				CLANG_WARN_STRICT_PROTOTYPES = YES;
				CLANG_WARN_SUSPICIOUS_MOVE = YES;
				CLANG_WARN_UNGUARDED_AVAILABILITY = YES_AGGRESSIVE;
				CLANG_WARN_UNREACHABLE_CODE = YES;
				CLANG_WARN__DUPLICATE_METHOD_MATCH = YES;
				COPY_PHASE_STRIP = NO;
				DEBUG_INFORMATION_FORMAT = "dwarf-with-dsym";
				ENABLE_NS_ASSERTIONS = NO;
				ENABLE_STRICT_OBJC_MSGSEND = YES;
				ENABLE_USER_SCRIPT_SANDBOXING = YES;
				GCC_C_LANGUAGE_STANDARD = gnu17;
				GCC_NO_COMMON_BLOCKS = YES;
				GCC_WARN_64_TO_32_BIT_CONVERSION = YES;
				GCC_WARN_ABOUT_RETURN_TYPE = YES_ERROR;
				GCC_WARN_UNDECLARED_SELECTOR = YES;
				GCC_WARN_UNINITIALIZED_AUTOS = YES_AGGRESSIVE;
				GCC_WARN_UNUSED_FUNCTION = YES;
				GCC_WARN_UNUSED_VARIABLE = YES;
				IPHONEOS_DEPLOYMENT_TARGET = 17.0;
				LOCALIZATION_PREFERS_STRING_CATALOGS = YES;
				MTL_ENABLE_DEBUG_INFO = NO;
				MTL_FAST_MATH = YES;
				SDKROOT = iphoneos;
				SWIFT_COMPILATION_MODE = wholemodule;
				VALIDATE_PRODUCT = YES;
			};
			name = Release;
		};
		840CD6982AC0E3A600C6AAD0 /* Debug */ = {
			isa = XCBuildConfiguration;
			buildSettings = {
				ASSETCATALOG_COMPILER_APPICON_NAME = AppIcon;
				ASSETCATALOG_COMPILER_GLOBAL_ACCENT_COLOR_NAME = AccentColor;
				CODE_SIGN_STYLE = Automatic;
				CURRENT_PROJECT_VERSION = 1;
				DEVELOPMENT_ASSET_PATHS = "\"Example/Preview Content\"";
				DEVELOPMENT_TEAM = ER582ZK85C;
				ENABLE_PREVIEWS = YES;
				GENERATE_INFOPLIST_FILE = YES;
				INFOPLIST_FILE = "${PRODUCT_NAME}/Resources/Info.plist";
				INFOPLIST_KEY_UIApplicationSceneManifest_Generation = YES;
				INFOPLIST_KEY_UIApplicationSupportsIndirectInputEvents = YES;
				INFOPLIST_KEY_UILaunchScreen_Generation = YES;
				INFOPLIST_KEY_UISupportedInterfaceOrientations_iPad = "UIInterfaceOrientationPortrait UIInterfaceOrientationPortraitUpsideDown UIInterfaceOrientationLandscapeLeft UIInterfaceOrientationLandscapeRight";
				INFOPLIST_KEY_UISupportedInterfaceOrientations_iPhone = UIInterfaceOrientationPortrait;
				IPHONEOS_DEPLOYMENT_TARGET = 18.0;
				LD_RUNPATH_SEARCH_PATHS = (
					"$(inherited)",
					"@executable_path/Frameworks",
				);
				MACOSX_DEPLOYMENT_TARGET = 15.0;
				MARKETING_VERSION = 1.0;
				PRODUCT_BUNDLE_IDENTIFIER = app.oversize.Example;
				PRODUCT_NAME = "$(TARGET_NAME)";
				SUPPORTED_PLATFORMS = "appletvos appletvsimulator iphoneos iphonesimulator macosx";
				SUPPORTS_MACCATALYST = NO;
				SUPPORTS_MAC_DESIGNED_FOR_IPHONE_IPAD = NO;
				SWIFT_EMIT_LOC_STRINGS = YES;
				SWIFT_VERSION = 5.0;
				TARGETED_DEVICE_FAMILY = "1,2,3";
				TVOS_DEPLOYMENT_TARGET = 18.0;
			};
			name = Debug;
		};
		840CD6992AC0E3A600C6AAD0 /* Release */ = {
			isa = XCBuildConfiguration;
			buildSettings = {
				ASSETCATALOG_COMPILER_APPICON_NAME = AppIcon;
				ASSETCATALOG_COMPILER_GLOBAL_ACCENT_COLOR_NAME = AccentColor;
				CODE_SIGN_STYLE = Automatic;
				CURRENT_PROJECT_VERSION = 1;
				DEVELOPMENT_ASSET_PATHS = "\"Example/Preview Content\"";
				DEVELOPMENT_TEAM = ER582ZK85C;
				ENABLE_PREVIEWS = YES;
				GENERATE_INFOPLIST_FILE = YES;
				INFOPLIST_FILE = "${PRODUCT_NAME}/Resources/Info.plist";
				INFOPLIST_KEY_UIApplicationSceneManifest_Generation = YES;
				INFOPLIST_KEY_UIApplicationSupportsIndirectInputEvents = YES;
				INFOPLIST_KEY_UILaunchScreen_Generation = YES;
				INFOPLIST_KEY_UISupportedInterfaceOrientations_iPad = "UIInterfaceOrientationPortrait UIInterfaceOrientationPortraitUpsideDown UIInterfaceOrientationLandscapeLeft UIInterfaceOrientationLandscapeRight";
				INFOPLIST_KEY_UISupportedInterfaceOrientations_iPhone = UIInterfaceOrientationPortrait;
				IPHONEOS_DEPLOYMENT_TARGET = 18.0;
				LD_RUNPATH_SEARCH_PATHS = (
					"$(inherited)",
					"@executable_path/Frameworks",
				);
				MACOSX_DEPLOYMENT_TARGET = 15.0;
				MARKETING_VERSION = 1.0;
				PRODUCT_BUNDLE_IDENTIFIER = app.oversize.Example;
				PRODUCT_NAME = "$(TARGET_NAME)";
				SUPPORTED_PLATFORMS = "appletvos appletvsimulator iphoneos iphonesimulator macosx";
				SUPPORTS_MACCATALYST = NO;
				SUPPORTS_MAC_DESIGNED_FOR_IPHONE_IPAD = NO;
				SWIFT_EMIT_LOC_STRINGS = YES;
				SWIFT_VERSION = 5.0;
				TARGETED_DEVICE_FAMILY = "1,2,3";
				TVOS_DEPLOYMENT_TARGET = 18.0;
			};
			name = Release;
		};
		84664C3F2BF9FD6500A24148 /* Debug */ = {
			isa = XCBuildConfiguration;
			buildSettings = {
				ASSETCATALOG_COMPILER_APPICON_NAME = AppIcon;
				ASSETCATALOG_COMPILER_GLOBAL_ACCENT_COLOR_NAME = AccentColor;
				CODE_SIGN_STYLE = Automatic;
				CURRENT_PROJECT_VERSION = 1;
				DEVELOPMENT_ASSET_PATHS = "\"Example (watchOS) Watch App/Preview Content\"";
				DEVELOPMENT_TEAM = ER582ZK85C;
				ENABLE_PREVIEWS = YES;
				GENERATE_INFOPLIST_FILE = YES;
				INFOPLIST_KEY_CFBundleDisplayName = "Example (watchOS)";
				INFOPLIST_KEY_UISupportedInterfaceOrientations = "UIInterfaceOrientationPortrait UIInterfaceOrientationPortraitUpsideDown";
				INFOPLIST_KEY_WKWatchOnly = YES;
				LD_RUNPATH_SEARCH_PATHS = (
					"$(inherited)",
					"@executable_path/Frameworks",
				);
				MARKETING_VERSION = 1.0;
				PRODUCT_BUNDLE_IDENTIFIER = "app.oversize.Example--watchOS-.watchkitapp";
				PRODUCT_NAME = "$(TARGET_NAME)";
				SDKROOT = watchos;
				SKIP_INSTALL = YES;
				SWIFT_EMIT_LOC_STRINGS = YES;
				SWIFT_VERSION = 5.0;
				TARGETED_DEVICE_FAMILY = 4;
				WATCHOS_DEPLOYMENT_TARGET = 10.0;
			};
			name = Debug;
		};
		84664C402BF9FD6500A24148 /* Release */ = {
			isa = XCBuildConfiguration;
			buildSettings = {
				ASSETCATALOG_COMPILER_APPICON_NAME = AppIcon;
				ASSETCATALOG_COMPILER_GLOBAL_ACCENT_COLOR_NAME = AccentColor;
				CODE_SIGN_STYLE = Automatic;
				CURRENT_PROJECT_VERSION = 1;
				DEVELOPMENT_ASSET_PATHS = "\"Example (watchOS) Watch App/Preview Content\"";
				DEVELOPMENT_TEAM = ER582ZK85C;
				ENABLE_PREVIEWS = YES;
				GENERATE_INFOPLIST_FILE = YES;
				INFOPLIST_KEY_CFBundleDisplayName = "Example (watchOS)";
				INFOPLIST_KEY_UISupportedInterfaceOrientations = "UIInterfaceOrientationPortrait UIInterfaceOrientationPortraitUpsideDown";
				INFOPLIST_KEY_WKWatchOnly = YES;
				LD_RUNPATH_SEARCH_PATHS = (
					"$(inherited)",
					"@executable_path/Frameworks",
				);
				MARKETING_VERSION = 1.0;
				PRODUCT_BUNDLE_IDENTIFIER = "app.oversize.Example--watchOS-.watchkitapp";
				PRODUCT_NAME = "$(TARGET_NAME)";
				SDKROOT = watchos;
				SKIP_INSTALL = YES;
				SWIFT_EMIT_LOC_STRINGS = YES;
				SWIFT_VERSION = 5.0;
				TARGETED_DEVICE_FAMILY = 4;
				WATCHOS_DEPLOYMENT_TARGET = 10.0;
			};
			name = Release;
		};
		84664C432BF9FD6500A24148 /* Debug */ = {
			isa = XCBuildConfiguration;
			buildSettings = {
				ALWAYS_EMBED_SWIFT_STANDARD_LIBRARIES = YES;
				CODE_SIGN_STYLE = Automatic;
				CURRENT_PROJECT_VERSION = 1;
				DEVELOPMENT_TEAM = ER582ZK85C;
				INFOPLIST_KEY_CFBundleDisplayName = "Example (watchOS)";
				MARKETING_VERSION = 1.0;
				PRODUCT_BUNDLE_IDENTIFIER = "app.oversize.Example--watchOS-";
				PRODUCT_NAME = "$(TARGET_NAME)";
				SWIFT_VERSION = 5.0;
			};
			name = Debug;
		};
		84664C442BF9FD6500A24148 /* Release */ = {
			isa = XCBuildConfiguration;
			buildSettings = {
				ALWAYS_EMBED_SWIFT_STANDARD_LIBRARIES = YES;
				CODE_SIGN_STYLE = Automatic;
				CURRENT_PROJECT_VERSION = 1;
				DEVELOPMENT_TEAM = ER582ZK85C;
				INFOPLIST_KEY_CFBundleDisplayName = "Example (watchOS)";
				MARKETING_VERSION = 1.0;
				PRODUCT_BUNDLE_IDENTIFIER = "app.oversize.Example--watchOS-";
				PRODUCT_NAME = "$(TARGET_NAME)";
				SWIFT_VERSION = 5.0;
			};
			name = Release;
		};
/* End XCBuildConfiguration section */

/* Begin XCConfigurationList section */
		840CD65C2AC0E39D00C6AAD0 /* Build configuration list for PBXProject "Example" */ = {
			isa = XCConfigurationList;
			buildConfigurations = (
				840CD6952AC0E3A600C6AAD0 /* Debug */,
				840CD6962AC0E3A600C6AAD0 /* Release */,
			);
			defaultConfigurationIsVisible = 0;
			defaultConfigurationName = Release;
		};
		840CD6972AC0E3A600C6AAD0 /* Build configuration list for PBXNativeTarget "Example" */ = {
			isa = XCConfigurationList;
			buildConfigurations = (
				840CD6982AC0E3A600C6AAD0 /* Debug */,
				840CD6992AC0E3A600C6AAD0 /* Release */,
			);
			defaultConfigurationIsVisible = 0;
			defaultConfigurationName = Release;
		};
		84664C3E2BF9FD6500A24148 /* Build configuration list for PBXNativeTarget "Example (watchOS) Watch App" */ = {
			isa = XCConfigurationList;
			buildConfigurations = (
				84664C3F2BF9FD6500A24148 /* Debug */,
				84664C402BF9FD6500A24148 /* Release */,
			);
			defaultConfigurationIsVisible = 0;
			defaultConfigurationName = Release;
		};
		84664C422BF9FD6500A24148 /* Build configuration list for PBXNativeTarget "Example (watchOS)" */ = {
			isa = XCConfigurationList;
			buildConfigurations = (
				84664C432BF9FD6500A24148 /* Debug */,
				84664C442BF9FD6500A24148 /* Release */,
			);
			defaultConfigurationIsVisible = 0;
			defaultConfigurationName = Release;
		};
/* End XCConfigurationList section */

/* Begin XCLocalSwiftPackageReference section */
		840CD69A2AC0E43000C6AAD0 /* XCLocalSwiftPackageReference ".." */ = {
			isa = XCLocalSwiftPackageReference;
			relativePath = ..;
		};
/* End XCLocalSwiftPackageReference section */

/* Begin XCRemoteSwiftPackageReference section */
		840CD6AD2AC0E44E00C6AAD0 /* XCRemoteSwiftPackageReference "Factory" */ = {
			isa = XCRemoteSwiftPackageReference;
			repositoryURL = "https://github.com/hmlongco/Factory";
			requirement = {
				kind = upToNextMajorVersion;
				minimumVersion = 2.1.3;
			};
		};
		845A59312BA4FD2B00988D52 /* XCRemoteSwiftPackageReference "OversizeModels" */ = {
			isa = XCRemoteSwiftPackageReference;
			repositoryURL = "https://github.com/oversizedev/OversizeModels.git";
			requirement = {
				kind = upToNextMajorVersion;
				minimumVersion = 0.1.0;
			};
		};
/* End XCRemoteSwiftPackageReference section */

/* Begin XCSwiftPackageProductDependency section */
		840CD6AE2AC0E44E00C6AAD0 /* Factory */ = {
			isa = XCSwiftPackageProductDependency;
			package = 840CD6AD2AC0E44E00C6AAD0 /* XCRemoteSwiftPackageReference "Factory" */;
			productName = Factory;
		};
		84664C462BF9FDC200A24148 /* Factory */ = {
			isa = XCSwiftPackageProductDependency;
			package = 840CD6AD2AC0E44E00C6AAD0 /* XCRemoteSwiftPackageReference "Factory" */;
			productName = Factory;
		};
		848479432BF9FF94003FC3FC /* OversizeCalendarKit */ = {
			isa = XCSwiftPackageProductDependency;
			productName = OversizeCalendarKit;
		};
		848479452BF9FF94003FC3FC /* OversizeContactsKit */ = {
			isa = XCSwiftPackageProductDependency;
			productName = OversizeContactsKit;
		};
		848479472BF9FF94003FC3FC /* OversizeKit */ = {
			isa = XCSwiftPackageProductDependency;
			productName = OversizeKit;
		};
		848479492BF9FF94003FC3FC /* OversizeLocationKit */ = {
			isa = XCSwiftPackageProductDependency;
			productName = OversizeLocationKit;
		};
		8484794B2BF9FF94003FC3FC /* OversizeNoticeKit */ = {
			isa = XCSwiftPackageProductDependency;
			productName = OversizeNoticeKit;
		};
		8484794D2BF9FF94003FC3FC /* OversizeNotificationKit */ = {
			isa = XCSwiftPackageProductDependency;
			productName = OversizeNotificationKit;
		};
		8484794F2BF9FF94003FC3FC /* OversizeOnboardingKit */ = {
			isa = XCSwiftPackageProductDependency;
			productName = OversizeOnboardingKit;
		};
		848479512BF9FF94003FC3FC /* OversizePhotoKit */ = {
			isa = XCSwiftPackageProductDependency;
			productName = OversizePhotoKit;
		};
		848479532BF9FFA4003FC3FC /* OversizeCalendarKit */ = {
			isa = XCSwiftPackageProductDependency;
			productName = OversizeCalendarKit;
		};
		848479552BF9FFA4003FC3FC /* OversizeContactsKit */ = {
			isa = XCSwiftPackageProductDependency;
			productName = OversizeContactsKit;
		};
		848479572BF9FFA4003FC3FC /* OversizeKit */ = {
			isa = XCSwiftPackageProductDependency;
			productName = OversizeKit;
		};
		848479592BF9FFA4003FC3FC /* OversizeLocationKit */ = {
			isa = XCSwiftPackageProductDependency;
			productName = OversizeLocationKit;
		};
		8484795B2BF9FFA4003FC3FC /* OversizeNoticeKit */ = {
			isa = XCSwiftPackageProductDependency;
			productName = OversizeNoticeKit;
		};
		8484795D2BF9FFA4003FC3FC /* OversizeNotificationKit */ = {
			isa = XCSwiftPackageProductDependency;
			productName = OversizeNotificationKit;
		};
		8484795F2BF9FFA4003FC3FC /* OversizeOnboardingKit */ = {
			isa = XCSwiftPackageProductDependency;
			productName = OversizeOnboardingKit;
		};
		848479612BF9FFA4003FC3FC /* OversizePhotoKit */ = {
			isa = XCSwiftPackageProductDependency;
			productName = OversizePhotoKit;
		};
/* End XCSwiftPackageProductDependency section */
	};
	rootObject = 840CD6592AC0E39D00C6AAD0 /* Project object */;
}
